
Microsoft Visual Studio Solution File, Format Version 12.00
# Visual Studio Version 16
VisualStudioVersion = 16.0.32901.82
MinimumVisualStudioVersion = 10.0.40219.1
Project("{FAE04EC0-301F-11D3-BF4B-00C04F79EFBC}") = "ProdTrace", "ProdTrace\ProdTrace.csproj", "{91EF3CD3-A43F-4608-AD3A-50578B2CC8CA}"
EndProject
Global
	GlobalSection(SolutionConfigurationPlatforms) = preSolution
		Debug|Any CPU = Debug|Any CPU
		Release|Any CPU = Release|Any CPU
	EndGlobalSection
	GlobalSection(ProjectConfigurationPlatforms) = postSolution
		{91EF3CD3-A43F-4608-AD3A-50578B2CC8CA}.Debug|Any CPU.ActiveCfg = Debug|Any CPU
		{91EF3CD3-A43F-4608-AD3A-50578B2CC8CA}.Debug|Any CPU.Build.0 = Debug|Any CPU
		{91EF3CD3-A43F-4608-AD3A-50578B2CC8CA}.Release|Any CPU.ActiveCfg = Release|Any CPU
		{91EF3CD3-A43F-4608-AD3A-50578B2CC8CA}.Release|Any CPU.Build.0 = Release|Any CPU
	EndGlobalSection
	GlobalSection(SolutionProperties) = preSolution
		HideSolutionNode = FALSE
	EndGlobalSection
	GlobalSection(ExtensibilityGlobals) = postSolution
		SolutionGuid = {6D81F222-B1F6-4F55-8C4E-0CE496F6688C}
	EndGlobalSection
EndGlobal
